// !$*UTF8*$!
{
	archiveVersion = 1;
	classes = {
	};
	objectVersion = 46;
	objects = {

/* Begin PBXBuildFile section */
		43D99855D17B961C13DE55C1 /* libPods.a in Frameworks */ = {isa = PBXBuildFile; fileRef = 7C1C51E0B447D66B230463CC /* libPods.a */; };
		5310F92C1CA7F70D009F48F3 /* WebServiceManager.m in Sources */ = {isa = PBXBuildFile; fileRef = 5310F92B1CA7F70D009F48F3 /* WebServiceManager.m */; };
		5310F92F1CA7F717009F48F3 /* DataManager.m in Sources */ = {isa = PBXBuildFile; fileRef = 5310F92E1CA7F717009F48F3 /* DataManager.m */; };
		5310F9321CA7FAAD009F48F3 /* PKProperties.m in Sources */ = {isa = PBXBuildFile; fileRef = 5310F9311CA7FAAD009F48F3 /* PKProperties.m */; };
		5310F9351CA810DC009F48F3 /* PKPropertyCell.m in Sources */ = {isa = PBXBuildFile; fileRef = 5310F9341CA810DC009F48F3 /* PKPropertyCell.m */; };
		5310F9381CA81101009F48F3 /* PKPropertyView.m in Sources */ = {isa = PBXBuildFile; fileRef = 5310F9371CA81101009F48F3 /* PKPropertyView.m */; };
		ACD9FF971C9B0BFD002897C1 /* main.m in Sources */ = {isa = PBXBuildFile; fileRef = ACD9FF961C9B0BFD002897C1 /* main.m */; };
		ACD9FF9A1C9B0BFD002897C1 /* AppDelegate.m in Sources */ = {isa = PBXBuildFile; fileRef = ACD9FF991C9B0BFD002897C1 /* AppDelegate.m */; };
		ACD9FF9D1C9B0BFD002897C1 /* ViewController.m in Sources */ = {isa = PBXBuildFile; fileRef = ACD9FF9C1C9B0BFD002897C1 /* ViewController.m */; };
		ACD9FFA01C9B0BFD002897C1 /* Main.storyboard in Resources */ = {isa = PBXBuildFile; fileRef = ACD9FF9E1C9B0BFD002897C1 /* Main.storyboard */; };
		ACD9FFA21C9B0BFD002897C1 /* Assets.xcassets in Resources */ = {isa = PBXBuildFile; fileRef = ACD9FFA11C9B0BFD002897C1 /* Assets.xcassets */; };
		ACD9FFA51C9B0BFD002897C1 /* LaunchScreen.storyboard in Resources */ = {isa = PBXBuildFile; fileRef = ACD9FFA31C9B0BFD002897C1 /* LaunchScreen.storyboard */; };
/* End PBXBuildFile section */

/* Begin PBXFileReference section */
		5310F92A1CA7F70D009F48F3 /* WebServiceManager.h */ = {isa = PBXFileReference; fileEncoding = 4; lastKnownFileType = sourcecode.c.h; path = WebServiceManager.h; sourceTree = "<group>"; };
		5310F92B1CA7F70D009F48F3 /* WebServiceManager.m */ = {isa = PBXFileReference; fileEncoding = 4; lastKnownFileType = sourcecode.c.objc; path = WebServiceManager.m; sourceTree = "<group>"; };
		5310F92D1CA7F717009F48F3 /* DataManager.h */ = {isa = PBXFileReference; fileEncoding = 4; lastKnownFileType = sourcecode.c.h; path = DataManager.h; sourceTree = "<group>"; };
		5310F92E1CA7F717009F48F3 /* DataManager.m */ = {isa = PBXFileReference; fileEncoding = 4; lastKnownFileType = sourcecode.c.objc; path = DataManager.m; sourceTree = "<group>"; };
		5310F9301CA7FAAD009F48F3 /* PKProperties.h */ = {isa = PBXFileReference; fileEncoding = 4; lastKnownFileType = sourcecode.c.h; path = PKProperties.h; sourceTree = "<group>"; };
		5310F9311CA7FAAD009F48F3 /* PKProperties.m */ = {isa = PBXFileReference; fileEncoding = 4; lastKnownFileType = sourcecode.c.objc; path = PKProperties.m; sourceTree = "<group>"; };
		5310F9331CA810DC009F48F3 /* PKPropertyCell.h */ = {isa = PBXFileReference; fileEncoding = 4; lastKnownFileType = sourcecode.c.h; path = PKPropertyCell.h; sourceTree = "<group>"; };
		5310F9341CA810DC009F48F3 /* PKPropertyCell.m */ = {isa = PBXFileReference; fileEncoding = 4; lastKnownFileType = sourcecode.c.objc; path = PKPropertyCell.m; sourceTree = "<group>"; };
		5310F9361CA81101009F48F3 /* PKPropertyView.h */ = {isa = PBXFileReference; fileEncoding = 4; lastKnownFileType = sourcecode.c.h; path = PKPropertyView.h; sourceTree = "<group>"; };
		5310F9371CA81101009F48F3 /* PKPropertyView.m */ = {isa = PBXFileReference; fileEncoding = 4; lastKnownFileType = sourcecode.c.objc; path = PKPropertyView.m; sourceTree = "<group>"; };
		5880C003BD062B31DCD793D3 /* Pods.release.xcconfig */ = {isa = PBXFileReference; includeInIndex = 1; lastKnownFileType = text.xcconfig; name = Pods.release.xcconfig; path = "Pods/Target Support Files/Pods/Pods.release.xcconfig"; sourceTree = "<group>"; };
		7C1C51E0B447D66B230463CC /* libPods.a */ = {isa = PBXFileReference; explicitFileType = archive.ar; includeInIndex = 0; path = libPods.a; sourceTree = BUILT_PRODUCTS_DIR; };
		ACD9FF921C9B0BFD002897C1 /* PropKaro.app */ = {isa = PBXFileReference; explicitFileType = wrapper.application; includeInIndex = 0; path = PropKaro.app; sourceTree = BUILT_PRODUCTS_DIR; };
		ACD9FF961C9B0BFD002897C1 /* main.m */ = {isa = PBXFileReference; lastKnownFileType = sourcecode.c.objc; path = main.m; sourceTree = "<group>"; };
		ACD9FF981C9B0BFD002897C1 /* AppDelegate.h */ = {isa = PBXFileReference; lastKnownFileType = sourcecode.c.h; path = AppDelegate.h; sourceTree = "<group>"; };
		ACD9FF991C9B0BFD002897C1 /* AppDelegate.m */ = {isa = PBXFileReference; lastKnownFileType = sourcecode.c.objc; path = AppDelegate.m; sourceTree = "<group>"; };
		ACD9FF9B1C9B0BFD002897C1 /* ViewController.h */ = {isa = PBXFileReference; lastKnownFileType = sourcecode.c.h; path = ViewController.h; sourceTree = "<group>"; };
		ACD9FF9C1C9B0BFD002897C1 /* ViewController.m */ = {isa = PBXFileReference; lastKnownFileType = sourcecode.c.objc; path = ViewController.m; sourceTree = "<group>"; };
		ACD9FF9F1C9B0BFD002897C1 /* Base */ = {isa = PBXFileReference; lastKnownFileType = file.storyboard; name = Base; path = Base.lproj/Main.storyboard; sourceTree = "<group>"; };
		ACD9FFA11C9B0BFD002897C1 /* Assets.xcassets */ = {isa = PBXFileReference; lastKnownFileType = folder.assetcatalog; path = Assets.xcassets; sourceTree = "<group>"; };
		ACD9FFA41C9B0BFD002897C1 /* Base */ = {isa = PBXFileReference; lastKnownFileType = file.storyboard; name = Base; path = Base.lproj/LaunchScreen.storyboard; sourceTree = "<group>"; };
		ACD9FFA61C9B0BFD002897C1 /* Info.plist */ = {isa = PBXFileReference; lastKnownFileType = text.plist.xml; path = Info.plist; sourceTree = "<group>"; };
		E3C2A691F039EC1555C12DA4 /* Pods.debug.xcconfig */ = {isa = PBXFileReference; includeInIndex = 1; lastKnownFileType = text.xcconfig; name = Pods.debug.xcconfig; path = "Pods/Target Support Files/Pods/Pods.debug.xcconfig"; sourceTree = "<group>"; };
/* End PBXFileReference section */

/* Begin PBXFrameworksBuildPhase section */
		ACD9FF8F1C9B0BFD002897C1 /* Frameworks */ = {
			isa = PBXFrameworksBuildPhase;
			buildActionMask = 2147483647;
			files = (
				43D99855D17B961C13DE55C1 /* libPods.a in Frameworks */,
			);
			runOnlyForDeploymentPostprocessing = 0;
		};
/* End PBXFrameworksBuildPhase section */

/* Begin PBXGroup section */
		4D396ACEA4CE7287601F9B22 /* Pods */ = {
			isa = PBXGroup;
			children = (
				E3C2A691F039EC1555C12DA4 /* Pods.debug.xcconfig */,
				5880C003BD062B31DCD793D3 /* Pods.release.xcconfig */,
			);
			name = Pods;
			sourceTree = "<group>";
		};
		ACD9FF891C9B0BFD002897C1 = {
			isa = PBXGroup;
			children = (
				ACD9FF941C9B0BFD002897C1 /* PropKaro */,
				ACD9FF931C9B0BFD002897C1 /* Products */,
				4D396ACEA4CE7287601F9B22 /* Pods */,
				F194168CA1B6FBE47EFF9305 /* Frameworks */,
			);
			sourceTree = "<group>";
		};
		ACD9FF931C9B0BFD002897C1 /* Products */ = {
			isa = PBXGroup;
			children = (
				ACD9FF921C9B0BFD002897C1 /* PropKaro.app */,
			);
			name = Products;
			sourceTree = "<group>";
		};
		ACD9FF941C9B0BFD002897C1 /* PropKaro */ = {
			isa = PBXGroup;
			children = (
				5310F92D1CA7F717009F48F3 /* DataManager.h */,
				5310F92E1CA7F717009F48F3 /* DataManager.m */,
				5310F92A1CA7F70D009F48F3 /* WebServiceManager.h */,
				5310F92B1CA7F70D009F48F3 /* WebServiceManager.m */,
				ACD9FF981C9B0BFD002897C1 /* AppDelegate.h */,
				ACD9FF991C9B0BFD002897C1 /* AppDelegate.m */,
				ACD9FF9B1C9B0BFD002897C1 /* ViewController.h */,
				ACD9FF9C1C9B0BFD002897C1 /* ViewController.m */,
				ACD9FF9E1C9B0BFD002897C1 /* Main.storyboard */,
				ACD9FFA11C9B0BFD002897C1 /* Assets.xcassets */,
				ACD9FFA31C9B0BFD002897C1 /* LaunchScreen.storyboard */,
				ACD9FFA61C9B0BFD002897C1 /* Info.plist */,
				ACD9FF951C9B0BFD002897C1 /* Supporting Files */,
				5310F9301CA7FAAD009F48F3 /* PKProperties.h */,
				5310F9311CA7FAAD009F48F3 /* PKProperties.m */,
				5310F9331CA810DC009F48F3 /* PKPropertyCell.h */,
				5310F9341CA810DC009F48F3 /* PKPropertyCell.m */,
				5310F9361CA81101009F48F3 /* PKPropertyView.h */,
				5310F9371CA81101009F48F3 /* PKPropertyView.m */,
			);
			path = PropKaro;
			sourceTree = "<group>";
		};
		ACD9FF951C9B0BFD002897C1 /* Supporting Files */ = {
			isa = PBXGroup;
			children = (
				ACD9FF961C9B0BFD002897C1 /* main.m */,
			);
			name = "Supporting Files";
			sourceTree = "<group>";
		};
		F194168CA1B6FBE47EFF9305 /* Frameworks */ = {
			isa = PBXGroup;
			children = (
				7C1C51E0B447D66B230463CC /* libPods.a */,
			);
			name = Frameworks;
			sourceTree = "<group>";
		};
/* End PBXGroup section */

/* Begin PBXNativeTarget section */
		ACD9FF911C9B0BFD002897C1 /* PropKaro */ = {
			isa = PBXNativeTarget;
			buildConfigurationList = ACD9FFA91C9B0BFD002897C1 /* Build configuration list for PBXNativeTarget "PropKaro" */;
			buildPhases = (
				748C132C1EAE5EC6EFD130B6 /* Check Pods Manifest.lock */,
				ACD9FF8E1C9B0BFD002897C1 /* Sources */,
				ACD9FF8F1C9B0BFD002897C1 /* Frameworks */,
				ACD9FF901C9B0BFD002897C1 /* Resources */,
				57A3884F648D5BED6245C4A3 /* Copy Pods Resources */,
			);
			buildRules = (
			);
			dependencies = (
			);
			name = PropKaro;
			productName = PropKaro;
			productReference = ACD9FF921C9B0BFD002897C1 /* PropKaro.app */;
			productType = "com.apple.product-type.application";
		};
/* End PBXNativeTarget section */

/* Begin PBXProject section */
		ACD9FF8A1C9B0BFD002897C1 /* Project object */ = {
			isa = PBXProject;
			attributes = {
				LastUpgradeCheck = 0710;
				ORGANIZATIONNAME = "Ajay Awasthi";
				TargetAttributes = {
					ACD9FF911C9B0BFD002897C1 = {
						CreatedOnToolsVersion = 7.1;
					};
				};
			};
			buildConfigurationList = ACD9FF8D1C9B0BFD002897C1 /* Build configuration list for PBXProject "PropKaro" */;
			compatibilityVersion = "Xcode 3.2";
			developmentRegion = English;
			hasScannedForEncodings = 0;
			knownRegions = (
				en,
				Base,
			);
			mainGroup = ACD9FF891C9B0BFD002897C1;
			productRefGroup = ACD9FF931C9B0BFD002897C1 /* Products */;
			projectDirPath = "";
			projectRoot = "";
			targets = (
				ACD9FF911C9B0BFD002897C1 /* PropKaro */,
			);
		};
/* End PBXProject section */

/* Begin PBXResourcesBuildPhase section */
		ACD9FF901C9B0BFD002897C1 /* Resources */ = {
			isa = PBXResourcesBuildPhase;
			buildActionMask = 2147483647;
			files = (
				ACD9FFA51C9B0BFD002897C1 /* LaunchScreen.storyboard in Resources */,
				ACD9FFA21C9B0BFD002897C1 /* Assets.xcassets in Resources */,
				ACD9FFA01C9B0BFD002897C1 /* Main.storyboard in Resources */,
			);
			runOnlyForDeploymentPostprocessing = 0;
		};
/* End PBXResourcesBuildPhase section */

/* Begin PBXShellScriptBuildPhase section */
		57A3884F648D5BED6245C4A3 /* Copy Pods Resources */ = {
			isa = PBXShellScriptBuildPhase;
			buildActionMask = 2147483647;
			files = (
			);
			inputPaths = (
			);
			name = "Copy Pods Resources";
			outputPaths = (
			);
			runOnlyForDeploymentPostprocessing = 0;
			shellPath = /bin/sh;
			shellScript = "\"${SRCROOT}/Pods/Target Support Files/Pods/Pods-resources.sh\"\n";
			showEnvVarsInLog = 0;
		};
		748C132C1EAE5EC6EFD130B6 /* Check Pods Manifest.lock */ = {
			isa = PBXShellScriptBuildPhase;
			buildActionMask = 2147483647;
			files = (
			);
			inputPaths = (
			);
			name = "Check Pods Manifest.lock";
			outputPaths = (
			);
			runOnlyForDeploymentPostprocessing = 0;
			shellPath = /bin/sh;
			shellScript = "diff \"${PODS_ROOT}/../Podfile.lock\" \"${PODS_ROOT}/Manifest.lock\" > /dev/null\nif [[ $? != 0 ]] ; then\n    cat << EOM\nerror: The sandbox is not in sync with the Podfile.lock. Run 'pod install' or update your CocoaPods installation.\nEOM\n    exit 1\nfi\n";
			showEnvVarsInLog = 0;
		};
/* End PBXShellScriptBuildPhase section */

/* Begin PBXSourcesBuildPhase section */
		ACD9FF8E1C9B0BFD002897C1 /* Sources */ = {
			isa = PBXSourcesBuildPhase;
			buildActionMask = 2147483647;
			files = (
				5310F9351CA810DC009F48F3 /* PKPropertyCell.m in Sources */,
				5310F92C1CA7F70D009F48F3 /* WebServiceManager.m in Sources */,
				5310F92F1CA7F717009F48F3 /* DataManager.m in Sources */,
				ACD9FF9D1C9B0BFD002897C1 /* ViewController.m in Sources */,
				ACD9FF9A1C9B0BFD002897C1 /* AppDelegate.m in Sources */,
				ACD9FF971C9B0BFD002897C1 /* main.m in Sources */,
				5310F9381CA81101009F48F3 /* PKPropertyView.m in Sources */,
				5310F9321CA7FAAD009F48F3 /* PKProperties.m in Sources */,
			);
			runOnlyForDeploymentPostprocessing = 0;
		};
/* End PBXSourcesBuildPhase section */

/* Begin PBXVariantGroup section */
		ACD9FF9E1C9B0BFD002897C1 /* Main.storyboard */ = {
			isa = PBXVariantGroup;
			children = (
				ACD9FF9F1C9B0BFD002897C1 /* Base */,
			);
			name = Main.storyboard;
			sourceTree = "<group>";
		};
		ACD9FFA31C9B0BFD002897C1 /* LaunchScreen.storyboard */ = {
			isa = PBXVariantGroup;
			children = (
				ACD9FFA41C9B0BFD002897C1 /* Base */,
			);
			name = LaunchScreen.storyboard;
			sourceTree = "<group>";
		};
/* End PBXVariantGroup section */

/* Begin XCBuildConfiguration section */
		ACD9FFA71C9B0BFD002897C1 /* Debug */ = {
			isa = XCBuildConfiguration;
			buildSettings = {
				ALWAYS_SEARCH_USER_PATHS = NO;
				CLANG_CXX_LANGUAGE_STANDARD = "gnu++0x";
				CLANG_CXX_LIBRARY = "libc++";
				CLANG_ENABLE_MODULES = YES;
				CLANG_ENABLE_OBJC_ARC = YES;
				CLANG_WARN_BOOL_CONVERSION = YES;
				CLANG_WARN_CONSTANT_CONVERSION = YES;
				CLANG_WARN_DIRECT_OBJC_ISA_USAGE = YES_ERROR;
				CLANG_WARN_EMPTY_BODY = YES;
				CLANG_WARN_ENUM_CONVERSION = YES;
				CLANG_WARN_INT_CONVERSION = YES;
				CLANG_WARN_OBJC_ROOT_CLASS = YES_ERROR;
				CLANG_WARN_UNREACHABLE_CODE = YES;
				CLANG_WARN__DUPLICATE_METHOD_MATCH = YES;
				"CODE_SIGN_IDENTITY[sdk=iphoneos*]" = "iPhone Developer";
				COPY_PHASE_STRIP = NO;
				DEBUG_INFORMATION_FORMAT = dwarf;
				ENABLE_STRICT_OBJC_MSGSEND = YES;
				ENABLE_TESTABILITY = YES;
				GCC_C_LANGUAGE_STANDARD = gnu99;
				GCC_DYNAMIC_NO_PIC = NO;
				GCC_NO_COMMON_BLOCKS = YES;
				GCC_OPTIMIZATION_LEVEL = 0;
				GCC_PREPROCESSOR_DEFINITIONS = (
					"DEBUG=1",
					"$(inherited)",
				);
				GCC_WARN_64_TO_32_BIT_CONVERSION = YES;
				GCC_WARN_ABOUT_RETURN_TYPE = YES_ERROR;
				GCC_WARN_UNDECLARED_SELECTOR = YES;
				GCC_WARN_UNINITIALIZED_AUTOS = YES_AGGRESSIVE;
				GCC_WARN_UNUSED_FUNCTION = YES;
				GCC_WARN_UNUSED_VARIABLE = YES;
				IPHONEOS_DEPLOYMENT_TARGET = 9.1;
				MTL_ENABLE_DEBUG_INFO = YES;
				ONLY_ACTIVE_ARCH = YES;
				SDKROOT = iphoneos;
			};
			name = Debug;
		};
		ACD9FFA81C9B0BFD002897C1 /* Release */ = {
			isa = XCBuildConfiguration;
			buildSettings = {
				ALWAYS_SEARCH_USER_PATHS = NO;
				CLANG_CXX_LANGUAGE_STANDARD = "gnu++0x";
				CLANG_CXX_LIBRARY = "libc++";
				CLANG_ENABLE_MODULES = YES;
				CLANG_ENABLE_OBJC_ARC = YES;
				CLANG_WARN_BOOL_CONVERSION = YES;
				CLANG_WARN_CONSTANT_CONVERSION = YES;
				CLANG_WARN_DIRECT_OBJC_ISA_USAGE = YES_ERROR;
				CLANG_WARN_EMPTY_BODY = YES;
				CLANG_WARN_ENUM_CONVERSION = YES;
				CLANG_WARN_INT_CONVERSION = YES;
				CLANG_WARN_OBJC_ROOT_CLASS = YES_ERROR;
				CLANG_WARN_UNREACHABLE_CODE = YES;
				CLANG_WARN__DUPLICATE_METHOD_MATCH = YES;
				"CODE_SIGN_IDENTITY[sdk=iphoneos*]" = "iPhone Developer";
				COPY_PHASE_STRIP = NO;
				DEBUG_INFORMATION_FORMAT = "dwarf-with-dsym";
				ENABLE_NS_ASSERTIONS = NO;
				ENABLE_STRICT_OBJC_MSGSEND = YES;
				GCC_C_LANGUAGE_STANDARD = gnu99;
				GCC_NO_COMMON_BLOCKS = YES;
				GCC_WARN_64_TO_32_BIT_CONVERSION = YES;
				GCC_WARN_ABOUT_RETURN_TYPE = YES_ERROR;
				GCC_WARN_UNDECLARED_SELECTOR = YES;
				GCC_WARN_UNINITIALIZED_AUTOS = YES_AGGRESSIVE;
				GCC_WARN_UNUSED_FUNCTION = YES;
				GCC_WARN_UNUSED_VARIABLE = YES;
				IPHONEOS_DEPLOYMENT_TARGET = 9.1;
				MTL_ENABLE_DEBUG_INFO = NO;
				SDKROOT = iphoneos;
				VALIDATE_PRODUCT = YES;
			};
			name = Release;
		};
		ACD9FFAA1C9B0BFD002897C1 /* Debug */ = {
			isa = XCBuildConfiguration;
			baseConfigurationReference = E3C2A691F039EC1555C12DA4 /* Pods.debug.xcconfig */;
			buildSettings = {
				ASSETCATALOG_COMPILER_APPICON_NAME = AppIcon;
				INFOPLIST_FILE = PropKaro/Info.plist;
				LD_RUNPATH_SEARCH_PATHS = "$(inherited) @executable_path/Frameworks";
				PRODUCT_BUNDLE_IDENTIFIER = AA.PropKaro;
				PRODUCT_NAME = "$(TARGET_NAME)";
			};
			name = Debug;
		};
		ACD9FFAB1C9B0BFD002897C1 /* Release */ = {
			isa = XCBuildConfiguration;
			baseConfigurationReference = 5880C003BD062B31DCD793D3 /* Pods.release.xcconfig */;
			buildSettings = {
				ASSETCATALOG_COMPILER_APPICON_NAME = AppIcon;
				INFOPLIST_FILE = PropKaro/Info.plist;
				LD_RUNPATH_SEARCH_PATHS = "$(inherited) @executable_path/Frameworks";
				PRODUCT_BUNDLE_IDENTIFIER = AA.PropKaro;
				PRODUCT_NAME = "$(TARGET_NAME)";
			};
			name = Release;
		};
/* End XCBuildConfiguration section */

/* Begin XCConfigurationList section */
		ACD9FF8D1C9B0BFD002897C1 /* Build configuration list for PBXProject "PropKaro" */ = {
			isa = XCConfigurationList;
			buildConfigurations = (
				ACD9FFA71C9B0BFD002897C1 /* Debug */,
				ACD9FFA81C9B0BFD002897C1 /* Release */,
			);
			defaultConfigurationIsVisible = 0;
			defaultConfigurationName = Release;
		};
		ACD9FFA91C9B0BFD002897C1 /* Build configuration list for PBXNativeTarget "PropKaro" */ = {
			isa = XCConfigurationList;
			buildConfigurations = (
				ACD9FFAA1C9B0BFD002897C1 /* Debug */,
				ACD9FFAB1C9B0BFD002897C1 /* Release */,
			);
			defaultConfigurationIsVisible = 0;
			defaultConfigurationName = Release;
		};
/* End XCConfigurationList section */
	};
	rootObject = ACD9FF8A1C9B0BFD002897C1 /* Project object */;
}
